{
  "name": "typescript-clean-architecture",
  "version": "1.0.0",
  "lockfileVersion": 2,
  "requires": true,
  "packages": {
    "": {
      "name": "typescript-clean-architecture",
      "version": "1.0.0",
      "license": "ISC",
      "devDependencies": {
        "@swc/core": "^1.2.198",
        "@swc/jest": "^0.2.21",
        "ts-node": "^10.8.1",
        "typescript": "^4.7.3"
      }
    },
    "node_modules/@cspotcode/source-map-support": {
      "version": "0.8.1",
      "resolved": "http://atf.intranet.bb.com.br:80/artifactory/api/npm/bb-npm-repo/@cspotcode/source-map-support/-/source-map-support-0.8.1.tgz",
      "integrity": "sha1-AGKcNaaI4FqIsc2mhPudXnPwAKE=",
      "dev": true,
      "license": "MIT",
      "dependencies": {
        "@jridgewell/trace-mapping": "0.3.9"
      },
      "engines": {
        "node": ">=12"
      }
    },
    "node_modules/@jest/create-cache-key-function": {
      "version": "27.5.1",
      "resolved": "http://atf.intranet.bb.com.br:80/artifactory/api/npm/bb-npm-repo/@jest/create-cache-key-function/-/create-cache-key-function-27.5.1.tgz",
      "integrity": "sha1-dEj64VYC6pXIKPXs7tNcICqCCzE=",
      "dev": true,
      "license": "MIT",
      "dependencies": {
        "@jest/types": "^27.5.1"
      },
      "engines": {
        "node": "^10.13.0 || ^12.13.0 || ^14.15.0 || >=15.0.0"
      }
    },
    "node_modules/@jest/types": {
      "version": "27.5.1",
      "resolved": "http://atf.intranet.bb.com.br:80/artifactory/api/npm/bb-npm-repo/@jest/types/-/types-27.5.1.tgz",
      "integrity": "sha1-PHnsSoumHBcL+Te8+emKnfF17IA=",
      "dev": true,
      "license": "MIT",
      "dependencies": {
        "@types/istanbul-lib-coverage": "^2.0.0",
        "@types/istanbul-reports": "^3.0.0",
        "@types/node": "*",
        "@types/yargs": "^16.0.0",
        "chalk": "^4.0.0"
      },
      "engines": {
        "node": "^10.13.0 || ^12.13.0 || ^14.15.0 || >=15.0.0"
      }
    },
    "node_modules/@jridgewell/resolve-uri": {
      "version": "3.0.7",
      "resolved": "http://atf.intranet.bb.com.br:80/artifactory/api/npm/bb-npm-repo/@jridgewell/resolve-uri/-/resolve-uri-3.0.7.tgz",
      "integrity": "sha1-MM1JggqWKv9IyP/8XNdgFR/KYf4=",
      "dev": true,
      "license": "MIT",
      "engines": {
        "node": ">=6.0.0"
      }
    },
    "node_modules/@jridgewell/sourcemap-codec": {
      "version": "1.4.13",
      "resolved": "http://atf.intranet.bb.com.br:80/artifactory/api/npm/bb-npm-repo/@jridgewell/sourcemap-codec/-/sourcemap-codec-1.4.13.tgz",
      "integrity": "sha1-tkYfsMKWQ1bEaeEV9QTJWtl6uIw=",
      "dev": true,
      "license": "MIT"
    },
    "node_modules/@jridgewell/trace-mapping": {
      "version": "0.3.9",
      "resolved": "http://atf.intranet.bb.com.br:80/artifactory/api/npm/bb-npm-repo/@jridgewell/trace-mapping/-/trace-mapping-0.3.9.tgz",
      "integrity": "sha1-ZTT9WTOlO6fL86F2FeJzoNEnP/k=",
      "dev": true,
      "license": "MIT",
      "dependencies": {
        "@jridgewell/resolve-uri": "^3.0.3",
        "@jridgewell/sourcemap-codec": "^1.4.10"
      }
    },
    "node_modules/@swc/core": {
      "version": "1.2.198",
      "resolved": "http://atf.intranet.bb.com.br:80/artifactory/api/npm/bb-npm-repo/@swc/core/-/core-1.2.198.tgz",
      "integrity": "sha1-2ELKKfU6Y2i4/blWT0kcWKRgLtU=",
      "dev": true,
      "license": "Apache-2.0",
      "bin": {
        "swcx": "run_swcx.js"
      },
      "engines": {
        "node": ">=10"
      },
      "funding": {
        "type": "opencollective",
        "url": "https://opencollective.com/swc"
      },
      "optionalDependencies": {
        "@swc/core-android-arm-eabi": "1.2.199",
        "@swc/core-android-arm64": "1.2.199",
        "@swc/core-darwin-arm64": "1.2.199",
        "@swc/core-darwin-x64": "1.2.199",
        "@swc/core-freebsd-x64": "1.2.199",
        "@swc/core-linux-arm-gnueabihf": "1.2.199",
        "@swc/core-linux-arm64-gnu": "1.2.199",
        "@swc/core-linux-arm64-musl": "1.2.199",
        "@swc/core-linux-x64-gnu": "1.2.199",
        "@swc/core-linux-x64-musl": "1.2.199",
        "@swc/core-win32-arm64-msvc": "1.2.199",
        "@swc/core-win32-ia32-msvc": "1.2.199",
        "@swc/core-win32-x64-msvc": "1.2.199"
      }
    },
    "node_modules/@swc/core-android-arm-eabi": {
      "version": "1.2.199",
      "resolved": "http://atf.intranet.bb.com.br:80/artifactory/api/npm/bb-npm-repo/@swc/core-android-arm-eabi/-/core-android-arm-eabi-1.2.199.tgz",
      "integrity": "sha1-lJtsiGwAFHYLqQArkIVI3i8XJ4k=",
      "cpu": [
        "arm"
      ],
      "dev": true,
      "license": "Apache-2.0 AND MIT",
      "optional": true,
      "os": [
        "android"
      ],
      "engines": {
        "node": ">=10"
      }
    },
    "node_modules/@swc/core-android-arm64": {
      "version": "1.2.199",
      "resolved": "http://atf.intranet.bb.com.br:80/artifactory/api/npm/bb-npm-repo/@swc/core-android-arm64/-/core-android-arm64-1.2.199.tgz",
      "integrity": "sha1-XYRXpHUWfJeZkTZrv/7vyeopcI0=",
      "cpu": [
        "arm64"
      ],
      "dev": true,
      "license": "Apache-2.0 AND MIT",
      "optional": true,
      "os": [
        "android"
      ],
      "engines": {
        "node": ">=10"
      }
    },
    "node_modules/@swc/core-darwin-arm64": {
      "version": "1.2.199",
      "resolved": "http://atf.intranet.bb.com.br:80/artifactory/api/npm/bb-npm-repo/@swc/core-darwin-arm64/-/core-darwin-arm64-1.2.199.tgz",
      "integrity": "sha1-UaexYV/DCo26/62C4Locq1um7QQ=",
      "cpu": [
        "arm64"
      ],
      "dev": true,
      "license": "Apache-2.0 AND MIT",
      "optional": true,
      "os": [
        "darwin"
      ],
      "engines": {
        "node": ">=10"
      }
    },
    "node_modules/@swc/core-darwin-x64": {
      "version": "1.2.199",
      "resolved": "http://atf.intranet.bb.com.br:80/artifactory/api/npm/bb-npm-repo/@swc/core-darwin-x64/-/core-darwin-x64-1.2.199.tgz",
      "integrity": "sha1-s4QKBVbA3zEJVAXErIZWRHhd2cg=",
      "cpu": [
        "x64"
      ],
      "dev": true,
      "license": "Apache-2.0 AND MIT",
      "optional": true,
      "os": [
        "darwin"
      ],
      "engines": {
        "node": ">=10"
      }
    },
    "node_modules/@swc/core-freebsd-x64": {
      "version": "1.2.199",
      "resolved": "http://atf.intranet.bb.com.br:80/artifactory/api/npm/bb-npm-repo/@swc/core-freebsd-x64/-/core-freebsd-x64-1.2.199.tgz",
      "integrity": "sha1-v5MPca5TdeEsRl0Vsy52O0LEeU0=",
      "cpu": [
        "x64"
      ],
      "dev": true,
      "license": "Apache-2.0 AND MIT",
      "optional": true,
      "os": [
        "freebsd"
      ],
      "engines": {
        "node": ">=10"
      }
    },
    "node_modules/@swc/core-linux-arm-gnueabihf": {
      "version": "1.2.199",
      "resolved": "http://atf.intranet.bb.com.br:80/artifactory/api/npm/bb-npm-repo/@swc/core-linux-arm-gnueabihf/-/core-linux-arm-gnueabihf-1.2.199.tgz",
      "integrity": "sha1-owAnG42ODuZGkXc1q0hzV3J4swc=",
      "cpu": [
        "arm"
      ],
      "dev": true,
      "license": "Apache-2.0 AND MIT",
      "optional": true,
      "os": [
        "linux"
      ],
      "engines": {
        "node": ">=10"
      }
    },
    "node_modules/@swc/core-linux-arm64-gnu": {
      "version": "1.2.199",
      "resolved": "http://atf.intranet.bb.com.br:80/artifactory/api/npm/bb-npm-repo/@swc/core-linux-arm64-gnu/-/core-linux-arm64-gnu-1.2.199.tgz",
      "integrity": "sha1-OSivNLUNuOvLmp63YdVrQPNg9PI=",
      "cpu": [
        "arm64"
      ],
      "dev": true,
      "license": "Apache-2.0 AND MIT",
      "optional": true,
      "os": [
        "linux"
      ],
      "engines": {
        "node": ">=10"
      }
    },
    "node_modules/@swc/core-linux-arm64-musl": {
      "version": "1.2.199",
      "resolved": "http://atf.intranet.bb.com.br:80/artifactory/api/npm/bb-npm-repo/@swc/core-linux-arm64-musl/-/core-linux-arm64-musl-1.2.199.tgz",
      "integrity": "sha1-9FqxDBd2DcEBLORbqJFh8YOjUY8=",
      "cpu": [
        "arm64"
      ],
      "dev": true,
      "license": "Apache-2.0 AND MIT",
      "optional": true,
      "os": [
        "linux"
      ],
      "engines": {
        "node": ">=10"
      }
    },
    "node_modules/@swc/core-linux-x64-gnu": {
      "version": "1.2.199",
      "resolved": "http://atf.intranet.bb.com.br:80/artifactory/api/npm/bb-npm-repo/@swc/core-linux-x64-gnu/-/core-linux-x64-gnu-1.2.199.tgz",
      "integrity": "sha1-luhYC3Znv98LhR/ih3xsoMcEy0o=",
      "cpu": [
        "x64"
      ],
      "dev": true,
      "license": "Apache-2.0 AND MIT",
      "optional": true,
      "os": [
        "linux"
      ],
      "engines": {
        "node": ">=10"
      }
    },
    "node_modules/@swc/core-linux-x64-musl": {
      "version": "1.2.199",
      "resolved": "http://atf.intranet.bb.com.br:80/artifactory/api/npm/bb-npm-repo/@swc/core-linux-x64-musl/-/core-linux-x64-musl-1.2.199.tgz",
      "integrity": "sha1-vNuwnJ9G/zMN7iK8484GYINn/4U=",
      "cpu": [
        "x64"
      ],
      "dev": true,
      "license": "Apache-2.0 AND MIT",
      "optional": true,
      "os": [
        "linux"
      ],
      "engines": {
        "node": ">=10"
      }
    },
    "node_modules/@swc/core-win32-arm64-msvc": {
      "version": "1.2.199",
      "resolved": "http://atf.intranet.bb.com.br:80/artifactory/api/npm/bb-npm-repo/@swc/core-win32-arm64-msvc/-/core-win32-arm64-msvc-1.2.199.tgz",
      "integrity": "sha1-YSZHvOx+h9E0OgEcROdfztjJhug=",
      "cpu": [
        "arm64"
      ],
      "dev": true,
      "license": "Apache-2.0 AND MIT",
      "optional": true,
      "os": [
        "win32"
      ],
      "engines": {
        "node": ">=10"
      }
    },
    "node_modules/@swc/core-win32-ia32-msvc": {
      "version": "1.2.199",
      "resolved": "http://atf.intranet.bb.com.br:80/artifactory/api/npm/bb-npm-repo/@swc/core-win32-ia32-msvc/-/core-win32-ia32-msvc-1.2.199.tgz",
      "integrity": "sha1-SkT+M1afKsY/nlMqF5WNj324JO8=",
      "cpu": [
        "ia32"
      ],
      "dev": true,
      "license": "Apache-2.0 AND MIT",
      "optional": true,
      "os": [
        "win32"
      ],
      "engines": {
        "node": ">=10"
      }
    },
    "node_modules/@swc/core-win32-x64-msvc": {
      "version": "1.2.199",
      "resolved": "http://atf.intranet.bb.com.br:80/artifactory/api/npm/bb-npm-repo/@swc/core-win32-x64-msvc/-/core-win32-x64-msvc-1.2.199.tgz",
      "integrity": "sha1-3CSCg0Tp8XLpKF3wtjVKd2LB3ak=",
      "cpu": [
        "x64"
      ],
      "dev": true,
      "license": "Apache-2.0 AND MIT",
      "optional": true,
      "os": [
        "win32"
      ],
      "engines": {
        "node": ">=10"
      }
    },
    "node_modules/@swc/jest": {
      "version": "0.2.21",
      "resolved": "http://atf.intranet.bb.com.br:80/artifactory/api/npm/bb-npm-repo/@swc/jest/-/jest-0.2.21.tgz",
      "integrity": "sha1-6MTiNAFqkU9M+7fXWESGCiUMHRw=",
      "dev": true,
      "license": "MIT",
      "workspaces": [
        "examples/react"
      ],
      "dependencies": {
        "@jest/create-cache-key-function": "^27.4.2"
      },
      "engines": {
        "npm": ">= 7.0.0"
      },
      "peerDependencies": {
        "@swc/core": "*"
      }
    },
    "node_modules/@tsconfig/node10": {
      "version": "1.0.9",
      "resolved": "http://atf.intranet.bb.com.br:80/artifactory/api/npm/bb-npm-repo/@tsconfig/node10/-/node10-1.0.9.tgz",
      "integrity": "sha1-30kH/AeohpImN7FeAtTOvEwAIbI=",
      "dev": true,
      "license": "MIT"
    },
    "node_modules/@tsconfig/node12": {
      "version": "1.0.10",
      "resolved": "http://atf.intranet.bb.com.br:80/artifactory/api/npm/bb-npm-repo/@tsconfig/node12/-/node12-1.0.10.tgz",
      "integrity": "sha1-EP7O5KO+FzV86Zs3C9gYdARNjb0=",
      "dev": true,
      "license": "MIT"
    },
    "node_modules/@tsconfig/node14": {
      "version": "1.0.2",
      "resolved": "http://atf.intranet.bb.com.br:80/artifactory/api/npm/bb-npm-repo/@tsconfig/node14/-/node14-1.0.2.tgz",
      "integrity": "sha1-sJwI3i6zGcoqyrF6G4AorxELJLM=",
      "dev": true,
      "license": "MIT"
    },
    "node_modules/@tsconfig/node16": {
      "version": "1.0.3",
      "resolved": "http://atf.intranet.bb.com.br:80/artifactory/api/npm/bb-npm-repo/@tsconfig/node16/-/node16-1.0.3.tgz",
      "integrity": "sha1-Ry6qtfFcH/3X+GKL1MT3U5lex54=",
      "dev": true,
      "license": "MIT"
    },
    "node_modules/@types/istanbul-lib-coverage": {
      "version": "2.0.4",
      "resolved": "http://atf.intranet.bb.com.br:80/artifactory/api/npm/bb-npm-repo/@types/istanbul-lib-coverage/-/istanbul-lib-coverage-2.0.4.tgz",
      "integrity": "sha1-hGfUs8CHgF1jWASAiQeRJ3zjXEQ=",
      "dev": true,
      "license": "MIT"
    },
    "node_modules/@types/istanbul-lib-report": {
      "version": "3.0.0",
      "resolved": "http://atf.intranet.bb.com.br:80/artifactory/api/npm/bb-npm-repo/@types/istanbul-lib-report/-/istanbul-lib-report-3.0.0.tgz",
      "integrity": "sha1-wUwk8Y6oGQwRjudWK3/5mjZVJoY=",
      "dev": true,
      "license": "MIT",
      "dependencies": {
        "@types/istanbul-lib-coverage": "*"
      }
    },
    "node_modules/@types/istanbul-reports": {
      "version": "3.0.1",
      "resolved": "http://atf.intranet.bb.com.br:80/artifactory/api/npm/bb-npm-repo/@types/istanbul-reports/-/istanbul-reports-3.0.1.tgz",
      "integrity": "sha1-kVP+mLuivVZaY63ZQ21vDX+EaP8=",
      "dev": true,
      "license": "MIT",
      "dependencies": {
        "@types/istanbul-lib-report": "*"
      }
    },
    "node_modules/@types/node": {
      "version": "17.0.42",
      "resolved": "http://atf.intranet.bb.com.br:80/artifactory/api/npm/bb-npm-repo/@types/node/-/node-17.0.42.tgz",
      "integrity": "sha1-1+jyJwDvyU0SUQMHXAdDlrX0H5s=",
      "dev": true,
      "license": "MIT"
    },
    "node_modules/@types/yargs": {
      "version": "16.0.4",
      "resolved": "http://atf.intranet.bb.com.br:80/artifactory/api/npm/bb-npm-repo/@types/yargs/-/yargs-16.0.4.tgz",
      "integrity": "sha1-JqrZjdLCo45CEIbqmtQrnlFkKXc=",
      "dev": true,
      "license": "MIT",
      "dependencies": {
        "@types/yargs-parser": "*"
      }
    },
    "node_modules/@types/yargs-parser": {
      "version": "21.0.0",
      "resolved": "http://atf.intranet.bb.com.br:80/artifactory/api/npm/bb-npm-repo/@types/yargs-parser/-/yargs-parser-21.0.0.tgz",
      "integrity": "sha1-DGDlN/p5D1+Ucu0ndsK3HsEXNRs=",
      "dev": true,
      "license": "MIT"
    },
    "node_modules/acorn": {
      "version": "8.7.1",
      "resolved": "http://atf.intranet.bb.com.br:80/artifactory/api/npm/bb-npm-repo/acorn/-/acorn-8.7.1.tgz",
      "integrity": "sha1-AZcSLIQ9G/bQpegyIKeI8nj2PDA=",
      "dev": true,
      "license": "MIT",
      "bin": {
        "acorn": "bin/acorn"
      },
      "engines": {
        "node": ">=0.4.0"
      }
    },
    "node_modules/acorn-walk": {
      "version": "8.2.0",
      "resolved": "http://atf.intranet.bb.com.br:80/artifactory/api/npm/bb-npm-repo/acorn-walk/-/acorn-walk-8.2.0.tgz",
      "integrity": "sha1-dBIQ8uJCZFRQiFOi9E0KuDt/acE=",
      "dev": true,
      "license": "MIT",
      "engines": {
        "node": ">=0.4.0"
      }
    },
    "node_modules/ansi-styles": {
      "version": "4.3.0",
      "resolved": "http://atf.intranet.bb.com.br:80/artifactory/api/npm/bb-npm-repo/ansi-styles/-/ansi-styles-4.3.0.tgz",
      "integrity": "sha1-7dgDYornHATIWuegkG7a00tkiTc=",
      "dev": true,
      "license": "MIT",
      "dependencies": {
        "color-convert": "^2.0.1"
      },
      "engines": {
        "node": ">=8"
      },
      "funding": {
        "url": "https://github.com/chalk/ansi-styles?sponsor=1"
      }
    },
    "node_modules/arg": {
      "version": "4.1.3",
      "resolved": "http://atf.intranet.bb.com.br:80/artifactory/api/npm/bb-npm-repo/arg/-/arg-4.1.3.tgz",
      "integrity": "sha1-Jp/HrVuOQstjyJbVZmAXJhwUQIk=",
      "dev": true,
      "license": "MIT"
    },
    "node_modules/chalk": {
      "version": "4.1.2",
      "resolved": "http://atf.intranet.bb.com.br:80/artifactory/api/npm/bb-npm-repo/chalk/-/chalk-4.1.2.tgz",
      "integrity": "sha1-qsTit3NKdAhnrrFr8CqtVWoeegE=",
      "dev": true,
      "license": "MIT",
      "dependencies": {
        "ansi-styles": "^4.1.0",
        "supports-color": "^7.1.0"
      },
      "engines": {
        "node": ">=10"
      },
      "funding": {
        "url": "https://github.com/chalk/chalk?sponsor=1"
      }
    },
    "node_modules/color-convert": {
      "version": "2.0.1",
      "resolved": "http://atf.intranet.bb.com.br:80/artifactory/api/npm/bb-npm-repo/color-convert/-/color-convert-2.0.1.tgz",
      "integrity": "sha1-ctOmjVmMm9s68q0ehPIdiWq9TeM=",
      "dev": true,
      "license": "MIT",
      "dependencies": {
        "color-name": "~1.1.4"
      },
      "engines": {
        "node": ">=7.0.0"
      }
    },
    "node_modules/color-name": {
      "version": "1.1.4",
      "resolved": "http://atf.intranet.bb.com.br:80/artifactory/api/npm/bb-npm-repo/color-name/-/color-name-1.1.4.tgz",
      "integrity": "sha1-wqCah6y95pVD3m9j+jmVyCbFNqI=",
      "dev": true,
      "license": "MIT"
    },
    "node_modules/create-require": {
      "version": "1.1.1",
      "resolved": "http://atf.intranet.bb.com.br:80/artifactory/api/npm/bb-npm-repo/create-require/-/create-require-1.1.1.tgz",
      "integrity": "sha1-wdfo8eX2z8n/ZfnNNS03NIdWwzM=",
      "dev": true,
      "license": "MIT"
    },
    "node_modules/diff": {
      "version": "4.0.2",
      "resolved": "http://atf.intranet.bb.com.br:80/artifactory/api/npm/bb-npm-repo/diff/-/diff-4.0.2.tgz",
      "integrity": "sha1-YPOuy4nV+uUgwRqhnvwruYKq3n0=",
      "dev": true,
      "license": "BSD-3-Clause",
      "engines": {
        "node": ">=0.3.1"
      }
    },
    "node_modules/has-flag": {
      "version": "4.0.0",
      "resolved": "http://atf.intranet.bb.com.br:80/artifactory/api/npm/bb-npm-repo/has-flag/-/has-flag-4.0.0.tgz",
      "integrity": "sha1-lEdx/ZyByBJlxNaUGGDaBrtZR5s=",
      "dev": true,
      "license": "MIT",
      "engines": {
        "node": ">=8"
      }
    },
    "node_modules/make-error": {
      "version": "1.3.6",
      "resolved": "http://atf.intranet.bb.com.br:80/artifactory/api/npm/bb-npm-repo/make-error/-/make-error-1.3.6.tgz",
      "integrity": "sha1-LrLjfqm2fEiR9oShOUeZr0hM96I=",
      "dev": true,
      "license": "ISC"
    },
    "node_modules/supports-color": {
      "version": "7.2.0",
      "resolved": "http://atf.intranet.bb.com.br:80/artifactory/api/npm/bb-npm-repo/supports-color/-/supports-color-7.2.0.tgz",
      "integrity": "sha1-G33NyzK4E4gBs+R4umpRyqiWSNo=",
      "dev": true,
      "license": "MIT",
      "dependencies": {
        "has-flag": "^4.0.0"
      },
      "engines": {
        "node": ">=8"
      }
    },
    "node_modules/ts-node": {
      "version": "10.8.1",
      "resolved": "http://atf.intranet.bb.com.br:80/artifactory/api/npm/bb-npm-repo/ts-node/-/ts-node-10.8.1.tgz",
      "integrity": "sha1-6ivTRZARtSaZ1+iNqlWkWhr08GY=",
      "dev": true,
      "license": "MIT",
      "dependencies": {
        "@cspotcode/source-map-support": "^0.8.0",
        "@tsconfig/node10": "^1.0.7",
        "@tsconfig/node12": "^1.0.7",
        "@tsconfig/node14": "^1.0.0",
        "@tsconfig/node16": "^1.0.2",
        "acorn": "^8.4.1",
        "acorn-walk": "^8.1.1",
        "arg": "^4.1.0",
        "create-require": "^1.1.0",
        "diff": "^4.0.1",
        "make-error": "^1.1.1",
        "v8-compile-cache-lib": "^3.0.1",
        "yn": "3.1.1"
      },
      "bin": {
        "ts-node": "dist/bin.js",
        "ts-node-cwd": "dist/bin-cwd.js",
        "ts-node-esm": "dist/bin-esm.js",
        "ts-node-script": "dist/bin-script.js",
        "ts-node-transpile-only": "dist/bin-transpile.js",
        "ts-script": "dist/bin-script-deprecated.js"
      },
      "peerDependencies": {
        "@swc/core": ">=1.2.50",
        "@swc/wasm": ">=1.2.50",
        "@types/node": "*",
        "typescript": ">=2.7"
      },
      "peerDependenciesMeta": {
        "@swc/core": {
          "optional": true
        },
        "@swc/wasm": {
          "optional": true
        }
      }
    },
    "node_modules/typescript": {
      "version": "4.7.3",
      "resolved": "http://atf.intranet.bb.com.br:80/artifactory/api/npm/bb-npm-repo/typescript/-/typescript-4.7.3.tgz",
      "integrity": "sha1-g2S1AtUle1QPneTEC+hMmOI6Ep0=",
      "dev": true,
      "license": "Apache-2.0",
      "bin": {
        "tsc": "bin/tsc",
        "tsserver": "bin/tsserver"
      },
      "engines": {
        "node": ">=4.2.0"
      }
    },
    "node_modules/v8-compile-cache-lib": {
      "version": "3.0.1",
      "resolved": "http://atf.intranet.bb.com.br:80/artifactory/api/npm/bb-npm-repo/v8-compile-cache-lib/-/v8-compile-cache-lib-3.0.1.tgz",
      "integrity": "sha1-Yzbo1xllyz01obu3hoRFp8BSZL8=",
      "dev": true,
      "license": "MIT"
    },
    "node_modules/yn": {
      "version": "3.1.1",
      "resolved": "http://atf.intranet.bb.com.br:80/artifactory/api/npm/bb-npm-repo/yn/-/yn-3.1.1.tgz",
      "integrity": "sha1-HodAGgnXZ8HV6rJqbkwYUYLS61A=",
      "dev": true,
      "license": "MIT",
      "engines": {
        "node": ">=6"
      }
    }
  },
  "dependencies": {
    "@cspotcode/source-map-support": {
      "version": "0.8.1",
      "resolved": "http://atf.intranet.bb.com.br:80/artifactory/api/npm/bb-npm-repo/@cspotcode/source-map-support/-/source-map-support-0.8.1.tgz",
      "integrity": "sha1-AGKcNaaI4FqIsc2mhPudXnPwAKE=",
      "dev": true,
      "requires": {
        "@jridgewell/trace-mapping": "0.3.9"
      }
    },
    "@jest/create-cache-key-function": {
      "version": "27.5.1",
      "resolved": "http://atf.intranet.bb.com.br:80/artifactory/api/npm/bb-npm-repo/@jest/create-cache-key-function/-/create-cache-key-function-27.5.1.tgz",
      "integrity": "sha1-dEj64VYC6pXIKPXs7tNcICqCCzE=",
      "dev": true,
      "requires": {
        "@jest/types": "^27.5.1"
      }
    },
    "@jest/types": {
      "version": "27.5.1",
      "resolved": "http://atf.intranet.bb.com.br:80/artifactory/api/npm/bb-npm-repo/@jest/types/-/types-27.5.1.tgz",
      "integrity": "sha1-PHnsSoumHBcL+Te8+emKnfF17IA=",
      "dev": true,
      "requires": {
        "@types/istanbul-lib-coverage": "^2.0.0",
        "@types/istanbul-reports": "^3.0.0",
        "@types/node": "*",
        "@types/yargs": "^16.0.0",
        "chalk": "^4.0.0"
      }
    },
    "@jridgewell/resolve-uri": {
      "version": "3.0.7",
      "resolved": "http://atf.intranet.bb.com.br:80/artifactory/api/npm/bb-npm-repo/@jridgewell/resolve-uri/-/resolve-uri-3.0.7.tgz",
      "integrity": "sha1-MM1JggqWKv9IyP/8XNdgFR/KYf4=",
      "dev": true
    },
    "@jridgewell/sourcemap-codec": {
      "version": "1.4.13",
      "resolved": "http://atf.intranet.bb.com.br:80/artifactory/api/npm/bb-npm-repo/@jridgewell/sourcemap-codec/-/sourcemap-codec-1.4.13.tgz",
      "integrity": "sha1-tkYfsMKWQ1bEaeEV9QTJWtl6uIw=",
      "dev": true
    },
    "@jridgewell/trace-mapping": {
      "version": "0.3.9",
      "resolved": "http://atf.intranet.bb.com.br:80/artifactory/api/npm/bb-npm-repo/@jridgewell/trace-mapping/-/trace-mapping-0.3.9.tgz",
      "integrity": "sha1-ZTT9WTOlO6fL86F2FeJzoNEnP/k=",
      "dev": true,
      "requires": {
        "@jridgewell/resolve-uri": "^3.0.3",
        "@jridgewell/sourcemap-codec": "^1.4.10"
      }
    },
    "@swc/core": {
      "version": "1.2.198",
      "resolved": "http://atf.intranet.bb.com.br:80/artifactory/api/npm/bb-npm-repo/@swc/core/-/core-1.2.198.tgz",
      "integrity": "sha1-2ELKKfU6Y2i4/blWT0kcWKRgLtU=",
      "dev": true,
      "requires": {
        "@swc/core-android-arm-eabi": "1.2.199",
        "@swc/core-android-arm64": "1.2.199",
        "@swc/core-darwin-arm64": "1.2.199",
        "@swc/core-darwin-x64": "1.2.199",
        "@swc/core-freebsd-x64": "1.2.199",
        "@swc/core-linux-arm-gnueabihf": "1.2.199",
        "@swc/core-linux-arm64-gnu": "1.2.199",
        "@swc/core-linux-arm64-musl": "1.2.199",
        "@swc/core-linux-x64-gnu": "1.2.199",
        "@swc/core-linux-x64-musl": "1.2.199",
        "@swc/core-win32-arm64-msvc": "1.2.199",
        "@swc/core-win32-ia32-msvc": "1.2.199",
        "@swc/core-win32-x64-msvc": "1.2.199"
      }
    },
    "@swc/core-android-arm-eabi": {
      "version": "1.2.199",
      "resolved": "http://atf.intranet.bb.com.br:80/artifactory/api/npm/bb-npm-repo/@swc/core-android-arm-eabi/-/core-android-arm-eabi-1.2.199.tgz",
      "integrity": "sha1-lJtsiGwAFHYLqQArkIVI3i8XJ4k=",
      "dev": true,
      "optional": true
    },
    "@swc/core-android-arm64": {
      "version": "1.2.199",
      "resolved": "http://atf.intranet.bb.com.br:80/artifactory/api/npm/bb-npm-repo/@swc/core-android-arm64/-/core-android-arm64-1.2.199.tgz",
      "integrity": "sha1-XYRXpHUWfJeZkTZrv/7vyeopcI0=",
      "dev": true,
      "optional": true
    },
    "@swc/core-darwin-arm64": {
      "version": "1.2.199",
      "resolved": "http://atf.intranet.bb.com.br:80/artifactory/api/npm/bb-npm-repo/@swc/core-darwin-arm64/-/core-darwin-arm64-1.2.199.tgz",
      "integrity": "sha1-UaexYV/DCo26/62C4Locq1um7QQ=",
      "dev": true,
      "optional": true
    },
    "@swc/core-darwin-x64": {
      "version": "1.2.199",
      "resolved": "http://atf.intranet.bb.com.br:80/artifactory/api/npm/bb-npm-repo/@swc/core-darwin-x64/-/core-darwin-x64-1.2.199.tgz",
      "integrity": "sha1-s4QKBVbA3zEJVAXErIZWRHhd2cg=",
      "dev": true,
      "optional": true
    },
    "@swc/core-freebsd-x64": {
      "version": "1.2.199",
      "resolved": "http://atf.intranet.bb.com.br:80/artifactory/api/npm/bb-npm-repo/@swc/core-freebsd-x64/-/core-freebsd-x64-1.2.199.tgz",
      "integrity": "sha1-v5MPca5TdeEsRl0Vsy52O0LEeU0=",
      "dev": true,
      "optional": true
    },
    "@swc/core-linux-arm-gnueabihf": {
      "version": "1.2.199",
      "resolved": "http://atf.intranet.bb.com.br:80/artifactory/api/npm/bb-npm-repo/@swc/core-linux-arm-gnueabihf/-/core-linux-arm-gnueabihf-1.2.199.tgz",
      "integrity": "sha1-owAnG42ODuZGkXc1q0hzV3J4swc=",
      "dev": true,
      "optional": true
    },
    "@swc/core-linux-arm64-gnu": {
      "version": "1.2.199",
      "resolved": "http://atf.intranet.bb.com.br:80/artifactory/api/npm/bb-npm-repo/@swc/core-linux-arm64-gnu/-/core-linux-arm64-gnu-1.2.199.tgz",
      "integrity": "sha1-OSivNLUNuOvLmp63YdVrQPNg9PI=",
      "dev": true,
      "optional": true
    },
    "@swc/core-linux-arm64-musl": {
      "version": "1.2.199",
      "resolved": "http://atf.intranet.bb.com.br:80/artifactory/api/npm/bb-npm-repo/@swc/core-linux-arm64-musl/-/core-linux-arm64-musl-1.2.199.tgz",
      "integrity": "sha1-9FqxDBd2DcEBLORbqJFh8YOjUY8=",
      "dev": true,
      "optional": true
    },
    "@swc/core-linux-x64-gnu": {
      "version": "1.2.199",
      "resolved": "http://atf.intranet.bb.com.br:80/artifactory/api/npm/bb-npm-repo/@swc/core-linux-x64-gnu/-/core-linux-x64-gnu-1.2.199.tgz",
      "integrity": "sha1-luhYC3Znv98LhR/ih3xsoMcEy0o=",
      "dev": true,
      "optional": true
    },
    "@swc/core-linux-x64-musl": {
      "version": "1.2.199",
      "resolved": "http://atf.intranet.bb.com.br:80/artifactory/api/npm/bb-npm-repo/@swc/core-linux-x64-musl/-/core-linux-x64-musl-1.2.199.tgz",
      "integrity": "sha1-vNuwnJ9G/zMN7iK8484GYINn/4U=",
      "dev": true,
      "optional": true
    },
    "@swc/core-win32-arm64-msvc": {
      "version": "1.2.199",
      "resolved": "http://atf.intranet.bb.com.br:80/artifactory/api/npm/bb-npm-repo/@swc/core-win32-arm64-msvc/-/core-win32-arm64-msvc-1.2.199.tgz",
      "integrity": "sha1-YSZHvOx+h9E0OgEcROdfztjJhug=",
      "dev": true,
      "optional": true
    },
    "@swc/core-win32-ia32-msvc": {
      "version": "1.2.199",
      "resolved": "http://atf.intranet.bb.com.br:80/artifactory/api/npm/bb-npm-repo/@swc/core-win32-ia32-msvc/-/core-win32-ia32-msvc-1.2.199.tgz",
      "integrity": "sha1-SkT+M1afKsY/nlMqF5WNj324JO8=",
      "dev": true,
      "optional": true
    },
    "@swc/core-win32-x64-msvc": {
      "version": "1.2.199",
      "resolved": "http://atf.intranet.bb.com.br:80/artifactory/api/npm/bb-npm-repo/@swc/core-win32-x64-msvc/-/core-win32-x64-msvc-1.2.199.tgz",
      "integrity": "sha1-3CSCg0Tp8XLpKF3wtjVKd2LB3ak=",
      "dev": true,
      "optional": true
    },
    "@swc/jest": {
      "version": "0.2.21",
      "resolved": "http://atf.intranet.bb.com.br:80/artifactory/api/npm/bb-npm-repo/@swc/jest/-/jest-0.2.21.tgz",
      "integrity": "sha1-6MTiNAFqkU9M+7fXWESGCiUMHRw=",
      "dev": true,
      "requires": {
        "@jest/create-cache-key-function": "^27.4.2"
      }
    },
    "@tsconfig/node10": {
      "version": "1.0.9",
      "resolved": "http://atf.intranet.bb.com.br:80/artifactory/api/npm/bb-npm-repo/@tsconfig/node10/-/node10-1.0.9.tgz",
      "integrity": "sha1-30kH/AeohpImN7FeAtTOvEwAIbI=",
      "dev": true
    },
    "@tsconfig/node12": {
      "version": "1.0.10",
      "resolved": "http://atf.intranet.bb.com.br:80/artifactory/api/npm/bb-npm-repo/@tsconfig/node12/-/node12-1.0.10.tgz",
      "integrity": "sha1-EP7O5KO+FzV86Zs3C9gYdARNjb0=",
      "dev": true
    },
    "@tsconfig/node14": {
      "version": "1.0.2",
      "resolved": "http://atf.intranet.bb.com.br:80/artifactory/api/npm/bb-npm-repo/@tsconfig/node14/-/node14-1.0.2.tgz",
      "integrity": "sha1-sJwI3i6zGcoqyrF6G4AorxELJLM=",
      "dev": true
    },
    "@tsconfig/node16": {
      "version": "1.0.3",
      "resolved": "http://atf.intranet.bb.com.br:80/artifactory/api/npm/bb-npm-repo/@tsconfig/node16/-/node16-1.0.3.tgz",
      "integrity": "sha1-Ry6qtfFcH/3X+GKL1MT3U5lex54=",
      "dev": true
    },
    "@types/istanbul-lib-coverage": {
      "version": "2.0.4",
      "resolved": "http://atf.intranet.bb.com.br:80/artifactory/api/npm/bb-npm-repo/@types/istanbul-lib-coverage/-/istanbul-lib-coverage-2.0.4.tgz",
      "integrity": "sha1-hGfUs8CHgF1jWASAiQeRJ3zjXEQ=",
      "dev": true
    },
    "@types/istanbul-lib-report": {
      "version": "3.0.0",
      "resolved": "http://atf.intranet.bb.com.br:80/artifactory/api/npm/bb-npm-repo/@types/istanbul-lib-report/-/istanbul-lib-report-3.0.0.tgz",
      "integrity": "sha1-wUwk8Y6oGQwRjudWK3/5mjZVJoY=",
      "dev": true,
      "requires": {
        "@types/istanbul-lib-coverage": "*"
      }
    },
    "@types/istanbul-reports": {
      "version": "3.0.1",
      "resolved": "http://atf.intranet.bb.com.br:80/artifactory/api/npm/bb-npm-repo/@types/istanbul-reports/-/istanbul-reports-3.0.1.tgz",
      "integrity": "sha1-kVP+mLuivVZaY63ZQ21vDX+EaP8=",
      "dev": true,
      "requires": {
        "@types/istanbul-lib-report": "*"
      }
    },
    "@types/node": {
      "version": "17.0.42",
      "resolved": "http://atf.intranet.bb.com.br:80/artifactory/api/npm/bb-npm-repo/@types/node/-/node-17.0.42.tgz",
      "integrity": "sha1-1+jyJwDvyU0SUQMHXAdDlrX0H5s=",
      "dev": true
    },
    "@types/yargs": {
      "version": "16.0.4",
      "resolved": "http://atf.intranet.bb.com.br:80/artifactory/api/npm/bb-npm-repo/@types/yargs/-/yargs-16.0.4.tgz",
      "integrity": "sha1-JqrZjdLCo45CEIbqmtQrnlFkKXc=",
      "dev": true,
      "requires": {
        "@types/yargs-parser": "*"
      }
    },
    "@types/yargs-parser": {
      "version": "21.0.0",
      "resolved": "http://atf.intranet.bb.com.br:80/artifactory/api/npm/bb-npm-repo/@types/yargs-parser/-/yargs-parser-21.0.0.tgz",
      "integrity": "sha1-DGDlN/p5D1+Ucu0ndsK3HsEXNRs=",
      "dev": true
    },
    "acorn": {
      "version": "8.7.1",
      "resolved": "http://atf.intranet.bb.com.br:80/artifactory/api/npm/bb-npm-repo/acorn/-/acorn-8.7.1.tgz",
      "integrity": "sha1-AZcSLIQ9G/bQpegyIKeI8nj2PDA=",
      "dev": true
    },
    "acorn-walk": {
      "version": "8.2.0",
      "resolved": "http://atf.intranet.bb.com.br:80/artifactory/api/npm/bb-npm-repo/acorn-walk/-/acorn-walk-8.2.0.tgz",
      "integrity": "sha1-dBIQ8uJCZFRQiFOi9E0KuDt/acE=",
      "dev": true
    },
    "ansi-styles": {
      "version": "4.3.0",
      "resolved": "http://atf.intranet.bb.com.br:80/artifactory/api/npm/bb-npm-repo/ansi-styles/-/ansi-styles-4.3.0.tgz",
      "integrity": "sha1-7dgDYornHATIWuegkG7a00tkiTc=",
      "dev": true,
      "requires": {
        "color-convert": "^2.0.1"
      }
    },
    "arg": {
      "version": "4.1.3",
      "resolved": "http://atf.intranet.bb.com.br:80/artifactory/api/npm/bb-npm-repo/arg/-/arg-4.1.3.tgz",
      "integrity": "sha1-Jp/HrVuOQstjyJbVZmAXJhwUQIk=",
      "dev": true
    },
    "chalk": {
      "version": "4.1.2",
      "resolved": "http://atf.intranet.bb.com.br:80/artifactory/api/npm/bb-npm-repo/chalk/-/chalk-4.1.2.tgz",
      "integrity": "sha1-qsTit3NKdAhnrrFr8CqtVWoeegE=",
      "dev": true,
      "requires": {
        "ansi-styles": "^4.1.0",
        "supports-color": "^7.1.0"
      }
    },
    "color-convert": {
      "version": "2.0.1",
      "resolved": "http://atf.intranet.bb.com.br:80/artifactory/api/npm/bb-npm-repo/color-convert/-/color-convert-2.0.1.tgz",
      "integrity": "sha1-ctOmjVmMm9s68q0ehPIdiWq9TeM=",
      "dev": true,
      "requires": {
        "color-name": "~1.1.4"
      }
    },
    "color-name": {
      "version": "1.1.4",
      "resolved": "http://atf.intranet.bb.com.br:80/artifactory/api/npm/bb-npm-repo/color-name/-/color-name-1.1.4.tgz",
      "integrity": "sha1-wqCah6y95pVD3m9j+jmVyCbFNqI=",
      "dev": true
    },
    "create-require": {
      "version": "1.1.1",
      "resolved": "http://atf.intranet.bb.com.br:80/artifactory/api/npm/bb-npm-repo/create-require/-/create-require-1.1.1.tgz",
      "integrity": "sha1-wdfo8eX2z8n/ZfnNNS03NIdWwzM=",
      "dev": true
    },
    "diff": {
      "version": "4.0.2",
      "resolved": "http://atf.intranet.bb.com.br:80/artifactory/api/npm/bb-npm-repo/diff/-/diff-4.0.2.tgz",
      "integrity": "sha1-YPOuy4nV+uUgwRqhnvwruYKq3n0=",
      "dev": true
    },
    "has-flag": {
      "version": "4.0.0",
      "resolved": "http://atf.intranet.bb.com.br:80/artifactory/api/npm/bb-npm-repo/has-flag/-/has-flag-4.0.0.tgz",
      "integrity": "sha1-lEdx/ZyByBJlxNaUGGDaBrtZR5s=",
      "dev": true
    },
    "make-error": {
      "version": "1.3.6",
      "resolved": "http://atf.intranet.bb.com.br:80/artifactory/api/npm/bb-npm-repo/make-error/-/make-error-1.3.6.tgz",
      "integrity": "sha1-LrLjfqm2fEiR9oShOUeZr0hM96I=",
      "dev": true
    },
    "supports-color": {
      "version": "7.2.0",
      "resolved": "http://atf.intranet.bb.com.br:80/artifactory/api/npm/bb-npm-repo/supports-color/-/supports-color-7.2.0.tgz",
      "integrity": "sha1-G33NyzK4E4gBs+R4umpRyqiWSNo=",
      "dev": true,
      "requires": {
        "has-flag": "^4.0.0"
      }
    },
    "ts-node": {
      "version": "10.8.1",
      "resolved": "http://atf.intranet.bb.com.br:80/artifactory/api/npm/bb-npm-repo/ts-node/-/ts-node-10.8.1.tgz",
      "integrity": "sha1-6ivTRZARtSaZ1+iNqlWkWhr08GY=",
      "dev": true,
      "requires": {
        "@cspotcode/source-map-support": "^0.8.0",
        "@tsconfig/node10": "^1.0.7",
        "@tsconfig/node12": "^1.0.7",
        "@tsconfig/node14": "^1.0.0",
        "@tsconfig/node16": "^1.0.2",
        "acorn": "^8.4.1",
        "acorn-walk": "^8.1.1",
        "arg": "^4.1.0",
        "create-require": "^1.1.0",
        "diff": "^4.0.1",
        "make-error": "^1.1.1",
        "v8-compile-cache-lib": "^3.0.1",
        "yn": "3.1.1"
      }
    },
    "typescript": {
      "version": "4.7.3",
      "resolved": "http://atf.intranet.bb.com.br:80/artifactory/api/npm/bb-npm-repo/typescript/-/typescript-4.7.3.tgz",
      "integrity": "sha1-g2S1AtUle1QPneTEC+hMmOI6Ep0=",
      "dev": true
    },
    "v8-compile-cache-lib": {
      "version": "3.0.1",
      "resolved": "http://atf.intranet.bb.com.br:80/artifactory/api/npm/bb-npm-repo/v8-compile-cache-lib/-/v8-compile-cache-lib-3.0.1.tgz",
      "integrity": "sha1-Yzbo1xllyz01obu3hoRFp8BSZL8=",
      "dev": true
    },
    "yn": {
      "version": "3.1.1",
      "resolved": "http://atf.intranet.bb.com.br:80/artifactory/api/npm/bb-npm-repo/yn/-/yn-3.1.1.tgz",
      "integrity": "sha1-HodAGgnXZ8HV6rJqbkwYUYLS61A=",
      "dev": true
    }
  }
}
